// !$*UTF8*$!
{
	archiveVersion = 1;
	classes = {
	};
	objectVersion = 50;
	objects = {

/* Begin PBXBuildFile section */
		5E0D552C2405A57A00A5A1B4 /* AppDelegate.swift in Sources */ = {isa = PBXBuildFile; fileRef = 5E0D552B2405A57A00A5A1B4 /* AppDelegate.swift */; };
		5E0D552E2405A57A00A5A1B4 /* SceneDelegate.swift in Sources */ = {isa = PBXBuildFile; fileRef = 5E0D552D2405A57A00A5A1B4 /* SceneDelegate.swift */; };
		5E0D55302405A57A00A5A1B4 /* ViewController.swift in Sources */ = {isa = PBXBuildFile; fileRef = 5E0D552F2405A57A00A5A1B4 /* ViewController.swift */; };
		5E0D55332405A57A00A5A1B4 /* Main.storyboard in Resources */ = {isa = PBXBuildFile; fileRef = 5E0D55312405A57A00A5A1B4 /* Main.storyboard */; };
		5E0D55352405A57C00A5A1B4 /* Assets.xcassets in Resources */ = {isa = PBXBuildFile; fileRef = 5E0D55342405A57C00A5A1B4 /* Assets.xcassets */; };
		5E0D55382405A57C00A5A1B4 /* LaunchScreen.storyboard in Resources */ = {isa = PBXBuildFile; fileRef = 5E0D55362405A57C00A5A1B4 /* LaunchScreen.storyboard */; };
		5E0D55432405A57D00A5A1B4 /* BasicCalculatorTests.swift in Sources */ = {isa = PBXBuildFile; fileRef = 5E0D55422405A57D00A5A1B4 /* BasicCalculatorTests.swift */; };
		5E0D554E2405A57D00A5A1B4 /* BasicCalculatorUITests.swift in Sources */ = {isa = PBXBuildFile; fileRef = 5E0D554D2405A57D00A5A1B4 /* BasicCalculatorUITests.swift */; };
/* End PBXBuildFile section */

/* Begin PBXContainerItemProxy section */
		5E0D553F2405A57C00A5A1B4 /* PBXContainerItemProxy */ = {
			isa = PBXContainerItemProxy;
			containerPortal = 5E0D55202405A57A00A5A1B4 /* Project object */;
			proxyType = 1;
			remoteGlobalIDString = 5E0D55272405A57A00A5A1B4;
			remoteInfo = BasicCalculator;
		};
		5E0D554A2405A57D00A5A1B4 /* PBXContainerItemProxy */ = {
			isa = PBXContainerItemProxy;
			containerPortal = 5E0D55202405A57A00A5A1B4 /* Project object */;
			proxyType = 1;
			remoteGlobalIDString = 5E0D55272405A57A00A5A1B4;
			remoteInfo = BasicCalculator;
		};
/* End PBXContainerItemProxy section */

/* Begin PBXFileReference section */
		5E0D55282405A57A00A5A1B4 /* BasicCalculator.app */ = {isa = PBXFileReference; explicitFileType = wrapper.application; includeInIndex = 0; path = BasicCalculator.app; sourceTree = BUILT_PRODUCTS_DIR; };
		5E0D552B2405A57A00A5A1B4 /* AppDelegate.swift */ = {isa = PBXFileReference; lastKnownFileType = sourcecode.swift; path = AppDelegate.swift; sourceTree = "<group>"; };
		5E0D552D2405A57A00A5A1B4 /* SceneDelegate.swift */ = {isa = PBXFileReference; lastKnownFileType = sourcecode.swift; path = SceneDelegate.swift; sourceTree = "<group>"; };
		5E0D552F2405A57A00A5A1B4 /* ViewController.swift */ = {isa = PBXFileReference; lastKnownFileType = sourcecode.swift; path = ViewController.swift; sourceTree = "<group>"; };
		5E0D55322405A57A00A5A1B4 /* Base */ = {isa = PBXFileReference; lastKnownFileType = file.storyboard; name = Base; path = Base.lproj/Main.storyboard; sourceTree = "<group>"; };
		5E0D55342405A57C00A5A1B4 /* Assets.xcassets */ = {isa = PBXFileReference; lastKnownFileType = folder.assetcatalog; path = Assets.xcassets; sourceTree = "<group>"; };
		5E0D55372405A57C00A5A1B4 /* Base */ = {isa = PBXFileReference; lastKnownFileType = file.storyboard; name = Base; path = Base.lproj/LaunchScreen.storyboard; sourceTree = "<group>"; };
		5E0D55392405A57C00A5A1B4 /* Info.plist */ = {isa = PBXFileReference; lastKnownFileType = text.plist.xml; path = Info.plist; sourceTree = "<group>"; };
		5E0D553E2405A57C00A5A1B4 /* BasicCalculatorTests.xctest */ = {isa = PBXFileReference; explicitFileType = wrapper.cfbundle; includeInIndex = 0; path = BasicCalculatorTests.xctest; sourceTree = BUILT_PRODUCTS_DIR; };
		5E0D55422405A57D00A5A1B4 /* BasicCalculatorTests.swift */ = {isa = PBXFileReference; lastKnownFileType = sourcecode.swift; path = BasicCalculatorTests.swift; sourceTree = "<group>"; };
		5E0D55442405A57D00A5A1B4 /* Info.plist */ = {isa = PBXFileReference; lastKnownFileType = text.plist.xml; path = Info.plist; sourceTree = "<group>"; };
		5E0D55492405A57D00A5A1B4 /* BasicCalculatorUITests.xctest */ = {isa = PBXFileReference; explicitFileType = wrapper.cfbundle; includeInIndex = 0; path = BasicCalculatorUITests.xctest; sourceTree = BUILT_PRODUCTS_DIR; };
		5E0D554D2405A57D00A5A1B4 /* BasicCalculatorUITests.swift */ = {isa = PBXFileReference; lastKnownFileType = sourcecode.swift; path = BasicCalculatorUITests.swift; sourceTree = "<group>"; };
		5E0D554F2405A57D00A5A1B4 /* Info.plist */ = {isa = PBXFileReference; lastKnownFileType = text.plist.xml; path = Info.plist; sourceTree = "<group>"; };
/* End PBXFileReference section */

/* Begin PBXFrameworksBuildPhase section */
		5E0D55252405A57A00A5A1B4 /* Frameworks */ = {
			isa = PBXFrameworksBuildPhase;
			buildActionMask = 2147483647;
			files = (
			);
			runOnlyForDeploymentPostprocessing = 0;
		};
		5E0D553B2405A57C00A5A1B4 /* Frameworks */ = {
			isa = PBXFrameworksBuildPhase;
			buildActionMask = 2147483647;
			files = (
			);
			runOnlyForDeploymentPostprocessing = 0;
		};
		5E0D55462405A57D00A5A1B4 /* Frameworks */ = {
			isa = PBXFrameworksBuildPhase;
			buildActionMask = 2147483647;
			files = (
			);
			runOnlyForDeploymentPostprocessing = 0;
		};
/* End PBXFrameworksBuildPhase section */

/* Begin PBXGroup section */
		5E0D551F2405A57A00A5A1B4 = {
			isa = PBXGroup;
			children = (
				5E0D552A2405A57A00A5A1B4 /* BasicCalculator */,
				5E0D55412405A57D00A5A1B4 /* BasicCalculatorTests */,
				5E0D554C2405A57D00A5A1B4 /* BasicCalculatorUITests */,
				5E0D55292405A57A00A5A1B4 /* Products */,
			);
			sourceTree = "<group>";
		};
		5E0D55292405A57A00A5A1B4 /* Products */ = {
			isa = PBXGroup;
			children = (
				5E0D55282405A57A00A5A1B4 /* BasicCalculator.app */,
				5E0D553E2405A57C00A5A1B4 /* BasicCalculatorTests.xctest */,
				5E0D55492405A57D00A5A1B4 /* BasicCalculatorUITests.xctest */,
			);
			name = Products;
			sourceTree = "<group>";
		};
		5E0D552A2405A57A00A5A1B4 /* BasicCalculator */ = {
			isa = PBXGroup;
			children = (
				5E0D552B2405A57A00A5A1B4 /* AppDelegate.swift */,
				5E0D552D2405A57A00A5A1B4 /* SceneDelegate.swift */,
				5E0D552F2405A57A00A5A1B4 /* ViewController.swift */,
				5E0D55312405A57A00A5A1B4 /* Main.storyboard */,
				5E0D55342405A57C00A5A1B4 /* Assets.xcassets */,
				5E0D55362405A57C00A5A1B4 /* LaunchScreen.storyboard */,
				5E0D55392405A57C00A5A1B4 /* Info.plist */,
			);
			path = BasicCalculator;
			sourceTree = "<group>";
		};
		5E0D55412405A57D00A5A1B4 /* BasicCalculatorTests */ = {
			isa = PBXGroup;
			children = (
				5E0D55422405A57D00A5A1B4 /* BasicCalculatorTests.swift */,
				5E0D55442405A57D00A5A1B4 /* Info.plist */,
			);
			path = BasicCalculatorTests;
			sourceTree = "<group>";
		};
		5E0D554C2405A57D00A5A1B4 /* BasicCalculatorUITests */ = {
			isa = PBXGroup;
			children = (
				5E0D554D2405A57D00A5A1B4 /* BasicCalculatorUITests.swift */,
				5E0D554F2405A57D00A5A1B4 /* Info.plist */,
			);
			path = BasicCalculatorUITests;
			sourceTree = "<group>";
		};
/* End PBXGroup section */

/* Begin PBXNativeTarget section */
		5E0D55272405A57A00A5A1B4 /* BasicCalculator */ = {
			isa = PBXNativeTarget;
			buildConfigurationList = 5E0D55522405A57D00A5A1B4 /* Build configuration list for PBXNativeTarget "BasicCalculator" */;
			buildPhases = (
				5E0D55242405A57A00A5A1B4 /* Sources */,
				5E0D55252405A57A00A5A1B4 /* Frameworks */,
				5E0D55262405A57A00A5A1B4 /* Resources */,
			);
			buildRules = (
			);
			dependencies = (
			);
			name = BasicCalculator;
			productName = BasicCalculator;
			productReference = 5E0D55282405A57A00A5A1B4 /* BasicCalculator.app */;
			productType = "com.apple.product-type.application";
		};
		5E0D553D2405A57C00A5A1B4 /* BasicCalculatorTests */ = {
			isa = PBXNativeTarget;
			buildConfigurationList = 5E0D55552405A57D00A5A1B4 /* Build configuration list for PBXNativeTarget "BasicCalculatorTests" */;
			buildPhases = (
				5E0D553A2405A57C00A5A1B4 /* Sources */,
				5E0D553B2405A57C00A5A1B4 /* Frameworks */,
				5E0D553C2405A57C00A5A1B4 /* Resources */,
			);
			buildRules = (
			);
			dependencies = (
				5E0D55402405A57C00A5A1B4 /* PBXTargetDependency */,
			);
			name = BasicCalculatorTests;
			productName = BasicCalculatorTests;
			productReference = 5E0D553E2405A57C00A5A1B4 /* BasicCalculatorTests.xctest */;
			productType = "com.apple.product-type.bundle.unit-test";
		};
		5E0D55482405A57D00A5A1B4 /* BasicCalculatorUITests */ = {
			isa = PBXNativeTarget;
			buildConfigurationList = 5E0D55582405A57D00A5A1B4 /* Build configuration list for PBXNativeTarget "BasicCalculatorUITests" */;
			buildPhases = (
				5E0D55452405A57D00A5A1B4 /* Sources */,
				5E0D55462405A57D00A5A1B4 /* Frameworks */,
				5E0D55472405A57D00A5A1B4 /* Resources */,
			);
			buildRules = (
			);
			dependencies = (
				5E0D554B2405A57D00A5A1B4 /* PBXTargetDependency */,
			);
			name = BasicCalculatorUITests;
			productName = BasicCalculatorUITests;
			productReference = 5E0D55492405A57D00A5A1B4 /* BasicCalculatorUITests.xctest */;
			productType = "com.apple.product-type.bundle.ui-testing";
		};
/* End PBXNativeTarget section */

/* Begin PBXProject section */
		5E0D55202405A57A00A5A1B4 /* Project object */ = {
			isa = PBXProject;
			attributes = {
				LastSwiftUpdateCheck = 1130;
				LastUpgradeCheck = 1130;
				ORGANIZATIONNAME = "Ashima T";
				TargetAttributes = {
					5E0D55272405A57A00A5A1B4 = {
						CreatedOnToolsVersion = 11.3.1;
					};
					5E0D553D2405A57C00A5A1B4 = {
						CreatedOnToolsVersion = 11.3.1;
						TestTargetID = 5E0D55272405A57A00A5A1B4;
					};
					5E0D55482405A57D00A5A1B4 = {
						CreatedOnToolsVersion = 11.3.1;
						TestTargetID = 5E0D55272405A57A00A5A1B4;
					};
				};
			};
			buildConfigurationList = 5E0D55232405A57A00A5A1B4 /* Build configuration list for PBXProject "BasicCalculator" */;
			compatibilityVersion = "Xcode 9.3";
			developmentRegion = en;
			hasScannedForEncodings = 0;
			knownRegions = (
				en,
				Base,
			);
			mainGroup = 5E0D551F2405A57A00A5A1B4;
			productRefGroup = 5E0D55292405A57A00A5A1B4 /* Products */;
			projectDirPath = "";
			projectRoot = "";
			targets = (
				5E0D55272405A57A00A5A1B4 /* BasicCalculator */,
				5E0D553D2405A57C00A5A1B4 /* BasicCalculatorTests */,
				5E0D55482405A57D00A5A1B4 /* BasicCalculatorUITests */,
			);
		};
/* End PBXProject section */

/* Begin PBXResourcesBuildPhase section */
		5E0D55262405A57A00A5A1B4 /* Resources */ = {
			isa = PBXResourcesBuildPhase;
			buildActionMask = 2147483647;
			files = (
				5E0D55382405A57C00A5A1B4 /* LaunchScreen.storyboard in Resources */,
				5E0D55352405A57C00A5A1B4 /* Assets.xcassets in Resources */,
				5E0D55332405A57A00A5A1B4 /* Main.storyboard in Resources */,
			);
			runOnlyForDeploymentPostprocessing = 0;
		};
		5E0D553C2405A57C00A5A1B4 /* Resources */ = {
			isa = PBXResourcesBuildPhase;
			buildActionMask = 2147483647;
			files = (
			);
			runOnlyForDeploymentPostprocessing = 0;
		};
		5E0D55472405A57D00A5A1B4 /* Resources */ = {
			isa = PBXResourcesBuildPhase;
			buildActionMask = 2147483647;
			files = (
			);
			runOnlyForDeploymentPostprocessing = 0;
		};
/* End PBXResourcesBuildPhase section */

/* Begin PBXSourcesBuildPhase section */
		5E0D55242405A57A00A5A1B4 /* Sources */ = {
			isa = PBXSourcesBuildPhase;
			buildActionMask = 2147483647;
			files = (
				5E0D55302405A57A00A5A1B4 /* ViewController.swift in Sources */,
				5E0D552C2405A57A00A5A1B4 /* AppDelegate.swift in Sources */,
				5E0D552E2405A57A00A5A1B4 /* SceneDelegate.swift in Sources */,
			);
			runOnlyForDeploymentPostprocessing = 0;
		};
		5E0D553A2405A57C00A5A1B4 /* Sources */ = {
			isa = PBXSourcesBuildPhase;
			buildActionMask = 2147483647;
			files = (
				5E0D55432405A57D00A5A1B4 /* BasicCalculatorTests.swift in Sources */,
			);
			runOnlyForDeploymentPostprocessing = 0;
		};
		5E0D55452405A57D00A5A1B4 /* Sources */ = {
			isa = PBXSourcesBuildPhase;
			buildActionMask = 2147483647;
			files = (
				5E0D554E2405A57D00A5A1B4 /* BasicCalculatorUITests.swift in Sources */,
			);
			runOnlyForDeploymentPostprocessing = 0;
		};
/* End PBXSourcesBuildPhase section */

/* Begin PBXTargetDependency section */
		5E0D55402405A57C00A5A1B4 /* PBXTargetDependency */ = {
			isa = PBXTargetDependency;
			target = 5E0D55272405A57A00A5A1B4 /* BasicCalculator */;
			targetProxy = 5E0D553F2405A57C00A5A1B4 /* PBXContainerItemProxy */;
		};
		5E0D554B2405A57D00A5A1B4 /* PBXTargetDependency */ = {
			isa = PBXTargetDependency;
			target = 5E0D55272405A57A00A5A1B4 /* BasicCalculator */;
			targetProxy = 5E0D554A2405A57D00A5A1B4 /* PBXContainerItemProxy */;
		};
/* End PBXTargetDependency section */

/* Begin PBXVariantGroup section */
		5E0D55312405A57A00A5A1B4 /* Main.storyboard */ = {
			isa = PBXVariantGroup;
			children = (
				5E0D55322405A57A00A5A1B4 /* Base */,
			);
			name = Main.storyboard;
			sourceTree = "<group>";
		};
		5E0D55362405A57C00A5A1B4 /* LaunchScreen.storyboard */ = {
			isa = PBXVariantGroup;
			children = (
				5E0D55372405A57C00A5A1B4 /* Base */,
			);
			name = LaunchScreen.storyboard;
			sourceTree = "<group>";
		};
/* End PBXVariantGroup section */

/* Begin XCBuildConfiguration section */
		5E0D55502405A57D00A5A1B4 /* Debug */ = {
			isa = XCBuildConfiguration;
			buildSettings = {
				ALWAYS_SEARCH_USER_PATHS = NO;
				CLANG_ANALYZER_NONNULL = YES;
				CLANG_ANALYZER_NUMBER_OBJECT_CONVERSION = YES_AGGRESSIVE;
				CLANG_CXX_LANGUAGE_STANDARD = "gnu++14";
				CLANG_CXX_LIBRARY = "libc++";
				CLANG_ENABLE_MODULES = YES;
				CLANG_ENABLE_OBJC_ARC = YES;
				CLANG_ENABLE_OBJC_WEAK = YES;
				CLANG_WARN_BLOCK_CAPTURE_AUTORELEASING = YES;
				CLANG_WARN_BOOL_CONVERSION = YES;
				CLANG_WARN_COMMA = YES;
				CLANG_WARN_CONSTANT_CONVERSION = YES;
				CLANG_WARN_DEPRECATED_OBJC_IMPLEMENTATIONS = YES;
				CLANG_WARN_DIRECT_OBJC_ISA_USAGE = YES_ERROR;
				CLANG_WARN_DOCUMENTATION_COMMENTS = YES;
				CLANG_WARN_EMPTY_BODY = YES;
				CLANG_WARN_ENUM_CONVERSION = YES;
				CLANG_WARN_INFINITE_RECURSION = YES;
				CLANG_WARN_INT_CONVERSION = YES;
				CLANG_WARN_NON_LITERAL_NULL_CONVERSION = YES;
				CLANG_WARN_OBJC_IMPLICIT_RETAIN_SELF = YES;
				CLANG_WARN_OBJC_LITERAL_CONVERSION = YES;
				CLANG_WARN_OBJC_ROOT_CLASS = YES_ERROR;
				CLANG_WARN_RANGE_LOOP_ANALYSIS = YES;
				CLANG_WARN_STRICT_PROTOTYPES = YES;
				CLANG_WARN_SUSPICIOUS_MOVE = YES;
				CLANG_WARN_UNGUARDED_AVAILABILITY = YES_AGGRESSIVE;
				CLANG_WARN_UNREACHABLE_CODE = YES;
				CLANG_WARN__DUPLICATE_METHOD_MATCH = YES;
				COPY_PHASE_STRIP = NO;
				DEBUG_INFORMATION_FORMAT = dwarf;
				ENABLE_STRICT_OBJC_MSGSEND = YES;
				ENABLE_TESTABILITY = YES;
				GCC_C_LANGUAGE_STANDARD = gnu11;
				GCC_DYNAMIC_NO_PIC = NO;
				GCC_NO_COMMON_BLOCKS = YES;
				GCC_OPTIMIZATION_LEVEL = 0;
				GCC_PREPROCESSOR_DEFINITIONS = (
					"DEBUG=1",
					"$(inherited)",
				);
				GCC_WARN_64_TO_32_BIT_CONVERSION = YES;
				GCC_WARN_ABOUT_RETURN_TYPE = YES_ERROR;
				GCC_WARN_UNDECLARED_SELECTOR = YES;
				GCC_WARN_UNINITIALIZED_AUTOS = YES_AGGRESSIVE;
				GCC_WARN_UNUSED_FUNCTION = YES;
				GCC_WARN_UNUSED_VARIABLE = YES;
				IPHONEOS_DEPLOYMENT_TARGET = 13.2;
				MTL_ENABLE_DEBUG_INFO = INCLUDE_SOURCE;
				MTL_FAST_MATH = YES;
				ONLY_ACTIVE_ARCH = YES;
				SDKROOT = iphoneos;
				SWIFT_ACTIVE_COMPILATION_CONDITIONS = DEBUG;
				SWIFT_OPTIMIZATION_LEVEL = "-Onone";
			};
			name = Debug;
		};
		5E0D55512405A57D00A5A1B4 /* Release */ = {
			isa = XCBuildConfiguration;
			buildSettings = {
				ALWAYS_SEARCH_USER_PATHS = NO;
				CLANG_ANALYZER_NONNULL = YES;
				CLANG_ANALYZER_NUMBER_OBJECT_CONVERSION = YES_AGGRESSIVE;
				CLANG_CXX_LANGUAGE_STANDARD = "gnu++14";
				CLANG_CXX_LIBRARY = "libc++";
				CLANG_ENABLE_MODULES = YES;
				CLANG_ENABLE_OBJC_ARC = YES;
				CLANG_ENABLE_OBJC_WEAK = YES;
				CLANG_WARN_BLOCK_CAPTURE_AUTORELEASING = YES;
				CLANG_WARN_BOOL_CONVERSION = YES;
				CLANG_WARN_COMMA = YES;
				CLANG_WARN_CONSTANT_CONVERSION = YES;
				CLANG_WARN_DEPRECATED_OBJC_IMPLEMENTATIONS = YES;
				CLANG_WARN_DIRECT_OBJC_ISA_USAGE = YES_ERROR;
				CLANG_WARN_DOCUMENTATION_COMMENTS = YES;
				CLANG_WARN_EMPTY_BODY = YES;
				CLANG_WARN_ENUM_CONVERSION = YES;
				CLANG_WARN_INFINITE_RECURSION = YES;
				CLANG_WARN_INT_CONVERSION = YES;
				CLANG_WARN_NON_LITERAL_NULL_CONVERSION = YES;
				CLANG_WARN_OBJC_IMPLICIT_RETAIN_SELF = YES;
				CLANG_WARN_OBJC_LITERAL_CONVERSION = YES;
				CLANG_WARN_OBJC_ROOT_CLASS = YES_ERROR;
				CLANG_WARN_RANGE_LOOP_ANALYSIS = YES;
				CLANG_WARN_STRICT_PROTOTYPES = YES;
				CLANG_WARN_SUSPICIOUS_MOVE = YES;
				CLANG_WARN_UNGUARDED_AVAILABILITY = YES_AGGRESSIVE;
				CLANG_WARN_UNREACHABLE_CODE = YES;
				CLANG_WARN__DUPLICATE_METHOD_MATCH = YES;
				COPY_PHASE_STRIP = NO;
				DEBUG_INFORMATION_FORMAT = "dwarf-with-dsym";
				ENABLE_NS_ASSERTIONS = NO;
				ENABLE_STRICT_OBJC_MSGSEND = YES;
				GCC_C_LANGUAGE_STANDARD = gnu11;
				GCC_NO_COMMON_BLOCKS = YES;
				GCC_WARN_64_TO_32_BIT_CONVERSION = YES;
				GCC_WARN_ABOUT_RETURN_TYPE = YES_ERROR;
				GCC_WARN_UNDECLARED_SELECTOR = YES;
				GCC_WARN_UNINITIALIZED_AUTOS = YES_AGGRESSIVE;
				GCC_WARN_UNUSED_FUNCTION = YES;
				GCC_WARN_UNUSED_VARIABLE = YES;
				IPHONEOS_DEPLOYMENT_TARGET = 13.2;
				MTL_ENABLE_DEBUG_INFO = NO;
				MTL_FAST_MATH = YES;
				SDKROOT = iphoneos;
				SWIFT_COMPILATION_MODE = wholemodule;
				SWIFT_OPTIMIZATION_LEVEL = "-O";
				VALIDATE_PRODUCT = YES;
			};
			name = Release;
		};
		5E0D55532405A57D00A5A1B4 /* Debug */ = {
			isa = XCBuildConfiguration;
			buildSettings = {
				ASSETCATALOG_COMPILER_APPICON_NAME = AppIcon;
				CODE_SIGN_STYLE = Automatic;
				INFOPLIST_FILE = BasicCalculator/Info.plist;
				LD_RUNPATH_SEARCH_PATHS = (
					"$(inherited)",
					"@executable_path/Frameworks",
				);
				PRODUCT_BUNDLE_IDENTIFIER = com.AshimaT.BasicCalculator;
				PRODUCT_NAME = "$(TARGET_NAME)";
				SWIFT_VERSION = 5.0;
				TARGETED_DEVICE_FAMILY = "1,2";
			};
			name = Debug;
		};
		5E0D55542405A57D00A5A1B4 /* Release */ = {
			isa = XCBuildConfiguration;
			buildSettings = {
				ASSETCATALOG_COMPILER_APPICON_NAME = AppIcon;
				CODE_SIGN_STYLE = Automatic;
				INFOPLIST_FILE = BasicCalculator/Info.plist;
				LD_RUNPATH_SEARCH_PATHS = (
					"$(inherited)",
					"@executable_path/Frameworks",
				);
				PRODUCT_BUNDLE_IDENTIFIER = com.AshimaT.BasicCalculator;
				PRODUCT_NAME = "$(TARGET_NAME)";
				SWIFT_VERSION = 5.0;
				TARGETED_DEVICE_FAMILY = "1,2";
			};
			name = Release;
		};
		5E0D55562405A57D00A5A1B4 /* Debug */ = {
			isa = XCBuildConfiguration;
			buildSettings = {
				ALWAYS_EMBED_SWIFT_STANDARD_LIBRARIES = YES;
				BUNDLE_LOADER = "$(TEST_HOST)";
				CODE_SIGN_STYLE = Automatic;
				INFOPLIST_FILE = BasicCalculatorTests/Info.plist;
				IPHONEOS_DEPLOYMENT_TARGET = 13.2;
				LD_RUNPATH_SEARCH_PATHS = (
					"$(inherited)",
					"@executable_path/Frameworks",
					"@loader_path/Frameworks",
				);
				PRODUCT_BUNDLE_IDENTIFIER = com.AshimaT.BasicCalculatorTests;
				PRODUCT_NAME = "$(TARGET_NAME)";
				SWIFT_VERSION = 5.0;
				TARGETED_DEVICE_FAMILY = "1,2";
				TEST_HOST = "$(BUILT_PRODUCTS_DIR)/BasicCalculator.app/BasicCalculator";
			};
			name = Debug;
		};
		5E0D55572405A57D00A5A1B4 /* Release */ = {
			isa = XCBuildConfiguration;
			buildSettings = {
				ALWAYS_EMBED_SWIFT_STANDARD_LIBRARIES = YES;
				BUNDLE_LOADER = "$(TEST_HOST)";
				CODE_SIGN_STYLE = Automatic;
				INFOPLIST_FILE = BasicCalculatorTests/Info.plist;
				IPHONEOS_DEPLOYMENT_TARGET = 13.2;
				LD_RUNPATH_SEARCH_PATHS = (
					"$(inherited)",
					"@executable_path/Frameworks",
					"@loader_path/Frameworks",
				);
				PRODUCT_BUNDLE_IDENTIFIER = com.AshimaT.BasicCalculatorTests;
				PRODUCT_NAME = "$(TARGET_NAME)";
				SWIFT_VERSION = 5.0;
				TARGETED_DEVICE_FAMILY = "1,2";
				TEST_HOST = "$(BUILT_PRODUCTS_DIR)/BasicCalculator.app/BasicCalculator";
			};
			name = Release;
		};
		5E0D55592405A57D00A5A1B4 /* Debug */ = {
			isa = XCBuildConfiguration;
			buildSettings = {
				ALWAYS_EMBED_SWIFT_STANDARD_LIBRARIES = YES;
				CODE_SIGN_STYLE = Automatic;
				INFOPLIST_FILE = BasicCalculatorUITests/Info.plist;
				LD_RUNPATH_SEARCH_PATHS = (
					"$(inherited)",
					"@executable_path/Frameworks",
					"@loader_path/Frameworks",
				);
				PRODUCT_BUNDLE_IDENTIFIER = com.AshimaT.BasicCalculatorUITests;
				PRODUCT_NAME = "$(TARGET_NAME)";
				SWIFT_VERSION = 5.0;
				TARGETED_DEVICE_FAMILY = "1,2";
				TEST_TARGET_NAME = BasicCalculator;
			};
			name = Debug;
		};
		5E0D555A2405A57D00A5A1B4 /* Release */ = {
			isa = XCBuildConfiguration;
			buildSettings = {
				ALWAYS_EMBED_SWIFT_STANDARD_LIBRARIES = YES;
				CODE_SIGN_STYLE = Automatic;
				INFOPLIST_FILE = BasicCalculatorUITests/Info.plist;
				LD_RUNPATH_SEARCH_PATHS = (
					"$(inherited)",
					"@executable_path/Frameworks",
					"@loader_path/Frameworks",
				);
				PRODUCT_BUNDLE_IDENTIFIER = com.AshimaT.BasicCalculatorUITests;
				PRODUCT_NAME = "$(TARGET_NAME)";
				SWIFT_VERSION = 5.0;
				TARGETED_DEVICE_FAMILY = "1,2";
				TEST_TARGET_NAME = BasicCalculator;
			};
			name = Release;
		};
/* End XCBuildConfiguration section */

/* Begin XCConfigurationList section */
		5E0D55232405A57A00A5A1B4 /* Build configuration list for PBXProject "BasicCalculator" */ = {
			isa = XCConfigurationList;
			buildConfigurations = (
				5E0D55502405A57D00A5A1B4 /* Debug */,
				5E0D55512405A57D00A5A1B4 /* Release */,
			);
			defaultConfigurationIsVisible = 0;
			defaultConfigurationName = Release;
		};
		5E0D55522405A57D00A5A1B4 /* Build configuration list for PBXNativeTarget "BasicCalculator" */ = {
			isa = XCConfigurationList;
			buildConfigurations = (
				5E0D55532405A57D00A5A1B4 /* Debug */,
				5E0D55542405A57D00A5A1B4 /* Release */,
			);
			defaultConfigurationIsVisible = 0;
			defaultConfigurationName = Release;
		};
		5E0D55552405A57D00A5A1B4 /* Build configuration list for PBXNativeTarget "BasicCalculatorTests" */ = {
			isa = XCConfigurationList;
			buildConfigurations = (
				5E0D55562405A57D00A5A1B4 /* Debug */,
				5E0D55572405A57D00A5A1B4 /* Release */,
			);
			defaultConfigurationIsVisible = 0;
			defaultConfigurationName = Release;
		};
		5E0D55582405A57D00A5A1B4 /* Build configuration list for PBXNativeTarget "BasicCalculatorUITests" */ = {
			isa = XCConfigurationList;
			buildConfigurations = (
				5E0D55592405A57D00A5A1B4 /* Debug */,
				5E0D555A2405A57D00A5A1B4 /* Release */,
			);
			defaultConfigurationIsVisible = 0;
			defaultConfigurationName = Release;
		};
/* End XCConfigurationList section */
	};
	rootObject = 5E0D55202405A57A00A5A1B4 /* Project object */;
}
