// !$*UTF8*$!
{
	archiveVersion = 1;
	classes = {
	};
	objectVersion = 50;
	objects = {

/* Begin PBXBuildFile section */
		5E28622825B0052900A8E3E7 /* BullseyeApp.swift in Sources */ = {isa = PBXBuildFile; fileRef = 5E28622725B0052900A8E3E7 /* BullseyeApp.swift */; };
		5E28622A25B0052900A8E3E7 /* ContentView.swift in Sources */ = {isa = PBXBuildFile; fileRef = 5E28622925B0052900A8E3E7 /* ContentView.swift */; };
		5E28622C25B0052C00A8E3E7 /* Assets.xcassets in Resources */ = {isa = PBXBuildFile; fileRef = 5E28622B25B0052C00A8E3E7 /* Assets.xcassets */; };
		5E28622F25B0052C00A8E3E7 /* Preview Assets.xcassets in Resources */ = {isa = PBXBuildFile; fileRef = 5E28622E25B0052C00A8E3E7 /* Preview Assets.xcassets */; };
		5E8B79A925B2B1AA0001E17C /* Game.swift in Sources */ = {isa = PBXBuildFile; fileRef = 5E8B79A825B2B1AA0001E17C /* Game.swift */; };
		5E8B79D825B2BC340001E17C /* BullseyeTests2.swift in Sources */ = {isa = PBXBuildFile; fileRef = 5E8B79D725B2BC340001E17C /* BullseyeTests2.swift */; };
		5EF3E08525CD192300FAF92B /* TextViews.swift in Sources */ = {isa = PBXBuildFile; fileRef = 5EF3E08425CD192300FAF92B /* TextViews.swift */; };
/* End PBXBuildFile section */

/* Begin PBXContainerItemProxy section */
		5E8B79B425B2B8F50001E17C /* PBXContainerItemProxy */ = {
			isa = PBXContainerItemProxy;
			containerPortal = 5E28621C25B0052900A8E3E7 /* Project object */;
			proxyType = 1;
			remoteGlobalIDString = 5E28622325B0052900A8E3E7;
			remoteInfo = Bullseye;
		};
		5E8B79C625B2BAA30001E17C /* PBXContainerItemProxy */ = {
			isa = PBXContainerItemProxy;
			containerPortal = 5E28621C25B0052900A8E3E7 /* Project object */;
			proxyType = 1;
			remoteGlobalIDString = 5E28622325B0052900A8E3E7;
			remoteInfo = Bullseye;
		};
		5E8B79DA25B2BC340001E17C /* PBXContainerItemProxy */ = {
			isa = PBXContainerItemProxy;
			containerPortal = 5E28621C25B0052900A8E3E7 /* Project object */;
			proxyType = 1;
			remoteGlobalIDString = 5E28622325B0052900A8E3E7;
			remoteInfo = Bullseye;
		};
/* End PBXContainerItemProxy section */

/* Begin PBXFileReference section */
		5E28622425B0052900A8E3E7 /* Bullseye.app */ = {isa = PBXFileReference; explicitFileType = wrapper.application; includeInIndex = 0; path = Bullseye.app; sourceTree = BUILT_PRODUCTS_DIR; };
		5E28622725B0052900A8E3E7 /* BullseyeApp.swift */ = {isa = PBXFileReference; lastKnownFileType = sourcecode.swift; path = BullseyeApp.swift; sourceTree = "<group>"; };
		5E28622925B0052900A8E3E7 /* ContentView.swift */ = {isa = PBXFileReference; lastKnownFileType = sourcecode.swift; path = ContentView.swift; sourceTree = "<group>"; };
		5E28622B25B0052C00A8E3E7 /* Assets.xcassets */ = {isa = PBXFileReference; lastKnownFileType = folder.assetcatalog; path = Assets.xcassets; sourceTree = "<group>"; };
		5E28622E25B0052C00A8E3E7 /* Preview Assets.xcassets */ = {isa = PBXFileReference; lastKnownFileType = folder.assetcatalog; path = "Preview Assets.xcassets"; sourceTree = "<group>"; };
		5E28623025B0052C00A8E3E7 /* Info.plist */ = {isa = PBXFileReference; lastKnownFileType = text.plist.xml; path = Info.plist; sourceTree = "<group>"; };
		5E8B79A825B2B1AA0001E17C /* Game.swift */ = {isa = PBXFileReference; lastKnownFileType = sourcecode.swift; path = Game.swift; sourceTree = "<group>"; };
		5E8B79AF25B2B8F50001E17C /* BullseyeTests.xctest */ = {isa = PBXFileReference; explicitFileType = wrapper.cfbundle; includeInIndex = 0; path = BullseyeTests.xctest; sourceTree = BUILT_PRODUCTS_DIR; };
		5E8B79C125B2BAA30001E17C /* BullseyeTests1.xctest */ = {isa = PBXFileReference; explicitFileType = wrapper.cfbundle; includeInIndex = 0; path = BullseyeTests1.xctest; sourceTree = BUILT_PRODUCTS_DIR; };
		5E8B79D525B2BC340001E17C /* BullseyeTests2.xctest */ = {isa = PBXFileReference; explicitFileType = wrapper.cfbundle; includeInIndex = 0; path = BullseyeTests2.xctest; sourceTree = BUILT_PRODUCTS_DIR; };
		5E8B79D725B2BC340001E17C /* BullseyeTests2.swift */ = {isa = PBXFileReference; lastKnownFileType = sourcecode.swift; path = BullseyeTests2.swift; sourceTree = "<group>"; };
		5E8B79D925B2BC340001E17C /* Info.plist */ = {isa = PBXFileReference; lastKnownFileType = text.plist.xml; path = Info.plist; sourceTree = "<group>"; };
		5EF3E08425CD192300FAF92B /* TextViews.swift */ = {isa = PBXFileReference; lastKnownFileType = sourcecode.swift; path = TextViews.swift; sourceTree = "<group>"; };
/* End PBXFileReference section */

/* Begin PBXFrameworksBuildPhase section */
		5E28622125B0052900A8E3E7 /* Frameworks */ = {
			isa = PBXFrameworksBuildPhase;
			buildActionMask = 2147483647;
			files = (
			);
			runOnlyForDeploymentPostprocessing = 0;
		};
		5E8B79AC25B2B8F50001E17C /* Frameworks */ = {
			isa = PBXFrameworksBuildPhase;
			buildActionMask = 2147483647;
			files = (
			);
			runOnlyForDeploymentPostprocessing = 0;
		};
		5E8B79BE25B2BAA30001E17C /* Frameworks */ = {
			isa = PBXFrameworksBuildPhase;
			buildActionMask = 2147483647;
			files = (
			);
			runOnlyForDeploymentPostprocessing = 0;
		};
		5E8B79D225B2BC340001E17C /* Frameworks */ = {
			isa = PBXFrameworksBuildPhase;
			buildActionMask = 2147483647;
			files = (
			);
			runOnlyForDeploymentPostprocessing = 0;
		};
/* End PBXFrameworksBuildPhase section */

/* Begin PBXGroup section */
		5E28621B25B0052900A8E3E7 = {
			isa = PBXGroup;
			children = (
				5E28622625B0052900A8E3E7 /* Bullseye */,
				5E8B79D625B2BC340001E17C /* BullseyeTests2 */,
				5E28622525B0052900A8E3E7 /* Products */,
			);
			sourceTree = "<group>";
		};
		5E28622525B0052900A8E3E7 /* Products */ = {
			isa = PBXGroup;
			children = (
				5E28622425B0052900A8E3E7 /* Bullseye.app */,
				5E8B79AF25B2B8F50001E17C /* BullseyeTests.xctest */,
				5E8B79C125B2BAA30001E17C /* BullseyeTests1.xctest */,
				5E8B79D525B2BC340001E17C /* BullseyeTests2.xctest */,
			);
			name = Products;
			sourceTree = "<group>";
		};
		5E28622625B0052900A8E3E7 /* Bullseye */ = {
			isa = PBXGroup;
			children = (
				5E8B79A625B2B0A30001E17C /* App */,
				5E8B79A525B2B0860001E17C /* Views */,
				5E8B79A425B2B0660001E17C /* Models */,
				5E28622D25B0052C00A8E3E7 /* Preview Content */,
			);
			path = Bullseye;
			sourceTree = "<group>";
		};
		5E28622D25B0052C00A8E3E7 /* Preview Content */ = {
			isa = PBXGroup;
			children = (
				5E28622E25B0052C00A8E3E7 /* Preview Assets.xcassets */,
			);
			path = "Preview Content";
			sourceTree = "<group>";
		};
		5E8B79A425B2B0660001E17C /* Models */ = {
			isa = PBXGroup;
			children = (
				5E8B79A825B2B1AA0001E17C /* Game.swift */,
			);
			path = Models;
			sourceTree = "<group>";
		};
		5E8B79A525B2B0860001E17C /* Views */ = {
			isa = PBXGroup;
			children = (
				5E28622925B0052900A8E3E7 /* ContentView.swift */,
				5EF3E08425CD192300FAF92B /* TextViews.swift */,
			);
			path = Views;
			sourceTree = "<group>";
		};
		5E8B79A625B2B0A30001E17C /* App */ = {
			isa = PBXGroup;
			children = (
				5E28622725B0052900A8E3E7 /* BullseyeApp.swift */,
				5E28622B25B0052C00A8E3E7 /* Assets.xcassets */,
				5E28623025B0052C00A8E3E7 /* Info.plist */,
			);
			path = App;
			sourceTree = "<group>";
		};
		5E8B79D625B2BC340001E17C /* BullseyeTests2 */ = {
			isa = PBXGroup;
			children = (
				5E8B79D725B2BC340001E17C /* BullseyeTests2.swift */,
				5E8B79D925B2BC340001E17C /* Info.plist */,
			);
			path = BullseyeTests2;
			sourceTree = "<group>";
		};
/* End PBXGroup section */

/* Begin PBXNativeTarget section */
		5E28622325B0052900A8E3E7 /* Bullseye */ = {
			isa = PBXNativeTarget;
			buildConfigurationList = 5E28623325B0052C00A8E3E7 /* Build configuration list for PBXNativeTarget "Bullseye" */;
			buildPhases = (
				5E28622025B0052900A8E3E7 /* Sources */,
				5E28622125B0052900A8E3E7 /* Frameworks */,
				5E28622225B0052900A8E3E7 /* Resources */,
			);
			buildRules = (
			);
			dependencies = (
			);
			name = Bullseye;
			productName = Bullseye;
			productReference = 5E28622425B0052900A8E3E7 /* Bullseye.app */;
			productType = "com.apple.product-type.application";
		};
		5E8B79AE25B2B8F50001E17C /* BullseyeTests */ = {
			isa = PBXNativeTarget;
			buildConfigurationList = 5E8B79B625B2B8F50001E17C /* Build configuration list for PBXNativeTarget "BullseyeTests" */;
			buildPhases = (
				5E8B79AB25B2B8F50001E17C /* Sources */,
				5E8B79AC25B2B8F50001E17C /* Frameworks */,
				5E8B79AD25B2B8F50001E17C /* Resources */,
			);
			buildRules = (
			);
			dependencies = (
				5E8B79B525B2B8F50001E17C /* PBXTargetDependency */,
			);
			name = BullseyeTests;
			productName = BullseyeTests;
			productReference = 5E8B79AF25B2B8F50001E17C /* BullseyeTests.xctest */;
			productType = "com.apple.product-type.bundle.unit-test";
		};
		5E8B79C025B2BAA30001E17C /* BullseyeTests1 */ = {
			isa = PBXNativeTarget;
			buildConfigurationList = 5E8B79C825B2BAA30001E17C /* Build configuration list for PBXNativeTarget "BullseyeTests1" */;
			buildPhases = (
				5E8B79BD25B2BAA30001E17C /* Sources */,
				5E8B79BE25B2BAA30001E17C /* Frameworks */,
				5E8B79BF25B2BAA30001E17C /* Resources */,
			);
			buildRules = (
			);
			dependencies = (
				5E8B79C725B2BAA30001E17C /* PBXTargetDependency */,
			);
			name = BullseyeTests1;
			productName = BullseyeTests1;
			productReference = 5E8B79C125B2BAA30001E17C /* BullseyeTests1.xctest */;
			productType = "com.apple.product-type.bundle.unit-test";
		};
		5E8B79D425B2BC340001E17C /* BullseyeTests2 */ = {
			isa = PBXNativeTarget;
			buildConfigurationList = 5E8B79DC25B2BC340001E17C /* Build configuration list for PBXNativeTarget "BullseyeTests2" */;
			buildPhases = (
				5E8B79D125B2BC340001E17C /* Sources */,
				5E8B79D225B2BC340001E17C /* Frameworks */,
				5E8B79D325B2BC340001E17C /* Resources */,
			);
			buildRules = (
			);
			dependencies = (
				5E8B79DB25B2BC340001E17C /* PBXTargetDependency */,
			);
			name = BullseyeTests2;
			productName = BullseyeTests2;
			productReference = 5E8B79D525B2BC340001E17C /* BullseyeTests2.xctest */;
			productType = "com.apple.product-type.bundle.unit-test";
		};
/* End PBXNativeTarget section */

/* Begin PBXProject section */
		5E28621C25B0052900A8E3E7 /* Project object */ = {
			isa = PBXProject;
			attributes = {
				LastSwiftUpdateCheck = 1230;
				LastUpgradeCheck = 1230;
				TargetAttributes = {
					5E28622325B0052900A8E3E7 = {
						CreatedOnToolsVersion = 12.3;
					};
					5E8B79AE25B2B8F50001E17C = {
						CreatedOnToolsVersion = 12.3;
						TestTargetID = 5E28622325B0052900A8E3E7;
					};
					5E8B79C025B2BAA30001E17C = {
						CreatedOnToolsVersion = 12.3;
						TestTargetID = 5E28622325B0052900A8E3E7;
					};
					5E8B79D425B2BC340001E17C = {
						CreatedOnToolsVersion = 12.3;
						TestTargetID = 5E28622325B0052900A8E3E7;
					};
				};
			};
			buildConfigurationList = 5E28621F25B0052900A8E3E7 /* Build configuration list for PBXProject "Bullseye" */;
			compatibilityVersion = "Xcode 9.3";
			developmentRegion = en;
			hasScannedForEncodings = 0;
			knownRegions = (
				en,
				Base,
			);
			mainGroup = 5E28621B25B0052900A8E3E7;
			productRefGroup = 5E28622525B0052900A8E3E7 /* Products */;
			projectDirPath = "";
			projectRoot = "";
			targets = (
				5E28622325B0052900A8E3E7 /* Bullseye */,
				5E8B79AE25B2B8F50001E17C /* BullseyeTests */,
				5E8B79C025B2BAA30001E17C /* BullseyeTests1 */,
				5E8B79D425B2BC340001E17C /* BullseyeTests2 */,
			);
		};
/* End PBXProject section */

/* Begin PBXResourcesBuildPhase section */
		5E28622225B0052900A8E3E7 /* Resources */ = {
			isa = PBXResourcesBuildPhase;
			buildActionMask = 2147483647;
			files = (
				5E28622F25B0052C00A8E3E7 /* Preview Assets.xcassets in Resources */,
				5E28622C25B0052C00A8E3E7 /* Assets.xcassets in Resources */,
			);
			runOnlyForDeploymentPostprocessing = 0;
		};
		5E8B79AD25B2B8F50001E17C /* Resources */ = {
			isa = PBXResourcesBuildPhase;
			buildActionMask = 2147483647;
			files = (
			);
			runOnlyForDeploymentPostprocessing = 0;
		};
		5E8B79BF25B2BAA30001E17C /* Resources */ = {
			isa = PBXResourcesBuildPhase;
			buildActionMask = 2147483647;
			files = (
			);
			runOnlyForDeploymentPostprocessing = 0;
		};
		5E8B79D325B2BC340001E17C /* Resources */ = {
			isa = PBXResourcesBuildPhase;
			buildActionMask = 2147483647;
			files = (
			);
			runOnlyForDeploymentPostprocessing = 0;
		};
/* End PBXResourcesBuildPhase section */

/* Begin PBXSourcesBuildPhase section */
		5E28622025B0052900A8E3E7 /* Sources */ = {
			isa = PBXSourcesBuildPhase;
			buildActionMask = 2147483647;
			files = (
				5E28622A25B0052900A8E3E7 /* ContentView.swift in Sources */,
				5EF3E08525CD192300FAF92B /* TextViews.swift in Sources */,
				5E8B79A925B2B1AA0001E17C /* Game.swift in Sources */,
				5E28622825B0052900A8E3E7 /* BullseyeApp.swift in Sources */,
			);
			runOnlyForDeploymentPostprocessing = 0;
		};
		5E8B79AB25B2B8F50001E17C /* Sources */ = {
			isa = PBXSourcesBuildPhase;
			buildActionMask = 2147483647;
			files = (
			);
			runOnlyForDeploymentPostprocessing = 0;
		};
		5E8B79BD25B2BAA30001E17C /* Sources */ = {
			isa = PBXSourcesBuildPhase;
			buildActionMask = 2147483647;
			files = (
			);
			runOnlyForDeploymentPostprocessing = 0;
		};
		5E8B79D125B2BC340001E17C /* Sources */ = {
			isa = PBXSourcesBuildPhase;
			buildActionMask = 2147483647;
			files = (
				5E8B79D825B2BC340001E17C /* BullseyeTests2.swift in Sources */,
			);
			runOnlyForDeploymentPostprocessing = 0;
		};
/* End PBXSourcesBuildPhase section */

/* Begin PBXTargetDependency section */
		5E8B79B525B2B8F50001E17C /* PBXTargetDependency */ = {
			isa = PBXTargetDependency;
			target = 5E28622325B0052900A8E3E7 /* Bullseye */;
			targetProxy = 5E8B79B425B2B8F50001E17C /* PBXContainerItemProxy */;
		};
		5E8B79C725B2BAA30001E17C /* PBXTargetDependency */ = {
			isa = PBXTargetDependency;
			target = 5E28622325B0052900A8E3E7 /* Bullseye */;
			targetProxy = 5E8B79C625B2BAA30001E17C /* PBXContainerItemProxy */;
		};
		5E8B79DB25B2BC340001E17C /* PBXTargetDependency */ = {
			isa = PBXTargetDependency;
			target = 5E28622325B0052900A8E3E7 /* Bullseye */;
			targetProxy = 5E8B79DA25B2BC340001E17C /* PBXContainerItemProxy */;
		};
/* End PBXTargetDependency section */

/* Begin XCBuildConfiguration section */
		5E28623125B0052C00A8E3E7 /* Debug */ = {
			isa = XCBuildConfiguration;
			buildSettings = {
				ALWAYS_SEARCH_USER_PATHS = NO;
				CLANG_ANALYZER_NONNULL = YES;
				CLANG_ANALYZER_NUMBER_OBJECT_CONVERSION = YES_AGGRESSIVE;
				CLANG_CXX_LANGUAGE_STANDARD = "gnu++14";
				CLANG_CXX_LIBRARY = "libc++";
				CLANG_ENABLE_MODULES = YES;
				CLANG_ENABLE_OBJC_ARC = YES;
				CLANG_ENABLE_OBJC_WEAK = YES;
				CLANG_WARN_BLOCK_CAPTURE_AUTORELEASING = YES;
				CLANG_WARN_BOOL_CONVERSION = YES;
				CLANG_WARN_COMMA = YES;
				CLANG_WARN_CONSTANT_CONVERSION = YES;
				CLANG_WARN_DEPRECATED_OBJC_IMPLEMENTATIONS = YES;
				CLANG_WARN_DIRECT_OBJC_ISA_USAGE = YES_ERROR;
				CLANG_WARN_DOCUMENTATION_COMMENTS = YES;
				CLANG_WARN_EMPTY_BODY = YES;
				CLANG_WARN_ENUM_CONVERSION = YES;
				CLANG_WARN_INFINITE_RECURSION = YES;
				CLANG_WARN_INT_CONVERSION = YES;
				CLANG_WARN_NON_LITERAL_NULL_CONVERSION = YES;
				CLANG_WARN_OBJC_IMPLICIT_RETAIN_SELF = YES;
				CLANG_WARN_OBJC_LITERAL_CONVERSION = YES;
				CLANG_WARN_OBJC_ROOT_CLASS = YES_ERROR;
				CLANG_WARN_QUOTED_INCLUDE_IN_FRAMEWORK_HEADER = YES;
				CLANG_WARN_RANGE_LOOP_ANALYSIS = YES;
				CLANG_WARN_STRICT_PROTOTYPES = YES;
				CLANG_WARN_SUSPICIOUS_MOVE = YES;
				CLANG_WARN_UNGUARDED_AVAILABILITY = YES_AGGRESSIVE;
				CLANG_WARN_UNREACHABLE_CODE = YES;
				CLANG_WARN__DUPLICATE_METHOD_MATCH = YES;
				COPY_PHASE_STRIP = NO;
				DEBUG_INFORMATION_FORMAT = dwarf;
				ENABLE_STRICT_OBJC_MSGSEND = YES;
				ENABLE_TESTABILITY = YES;
				GCC_C_LANGUAGE_STANDARD = gnu11;
				GCC_DYNAMIC_NO_PIC = NO;
				GCC_NO_COMMON_BLOCKS = YES;
				GCC_OPTIMIZATION_LEVEL = 0;
				GCC_PREPROCESSOR_DEFINITIONS = (
					"DEBUG=1",
					"$(inherited)",
				);
				GCC_WARN_64_TO_32_BIT_CONVERSION = YES;
				GCC_WARN_ABOUT_RETURN_TYPE = YES_ERROR;
				GCC_WARN_UNDECLARED_SELECTOR = YES;
				GCC_WARN_UNINITIALIZED_AUTOS = YES_AGGRESSIVE;
				GCC_WARN_UNUSED_FUNCTION = YES;
				GCC_WARN_UNUSED_VARIABLE = YES;
				IPHONEOS_DEPLOYMENT_TARGET = 14.3;
				MTL_ENABLE_DEBUG_INFO = INCLUDE_SOURCE;
				MTL_FAST_MATH = YES;
				ONLY_ACTIVE_ARCH = YES;
				SDKROOT = iphoneos;
				SWIFT_ACTIVE_COMPILATION_CONDITIONS = DEBUG;
				SWIFT_OPTIMIZATION_LEVEL = "-Onone";
			};
			name = Debug;
		};
		5E28623225B0052C00A8E3E7 /* Release */ = {
			isa = XCBuildConfiguration;
			buildSettings = {
				ALWAYS_SEARCH_USER_PATHS = NO;
				CLANG_ANALYZER_NONNULL = YES;
				CLANG_ANALYZER_NUMBER_OBJECT_CONVERSION = YES_AGGRESSIVE;
				CLANG_CXX_LANGUAGE_STANDARD = "gnu++14";
				CLANG_CXX_LIBRARY = "libc++";
				CLANG_ENABLE_MODULES = YES;
				CLANG_ENABLE_OBJC_ARC = YES;
				CLANG_ENABLE_OBJC_WEAK = YES;
				CLANG_WARN_BLOCK_CAPTURE_AUTORELEASING = YES;
				CLANG_WARN_BOOL_CONVERSION = YES;
				CLANG_WARN_COMMA = YES;
				CLANG_WARN_CONSTANT_CONVERSION = YES;
				CLANG_WARN_DEPRECATED_OBJC_IMPLEMENTATIONS = YES;
				CLANG_WARN_DIRECT_OBJC_ISA_USAGE = YES_ERROR;
				CLANG_WARN_DOCUMENTATION_COMMENTS = YES;
				CLANG_WARN_EMPTY_BODY = YES;
				CLANG_WARN_ENUM_CONVERSION = YES;
				CLANG_WARN_INFINITE_RECURSION = YES;
				CLANG_WARN_INT_CONVERSION = YES;
				CLANG_WARN_NON_LITERAL_NULL_CONVERSION = YES;
				CLANG_WARN_OBJC_IMPLICIT_RETAIN_SELF = YES;
				CLANG_WARN_OBJC_LITERAL_CONVERSION = YES;
				CLANG_WARN_OBJC_ROOT_CLASS = YES_ERROR;
				CLANG_WARN_QUOTED_INCLUDE_IN_FRAMEWORK_HEADER = YES;
				CLANG_WARN_RANGE_LOOP_ANALYSIS = YES;
				CLANG_WARN_STRICT_PROTOTYPES = YES;
				CLANG_WARN_SUSPICIOUS_MOVE = YES;
				CLANG_WARN_UNGUARDED_AVAILABILITY = YES_AGGRESSIVE;
				CLANG_WARN_UNREACHABLE_CODE = YES;
				CLANG_WARN__DUPLICATE_METHOD_MATCH = YES;
				COPY_PHASE_STRIP = NO;
				DEBUG_INFORMATION_FORMAT = "dwarf-with-dsym";
				ENABLE_NS_ASSERTIONS = NO;
				ENABLE_STRICT_OBJC_MSGSEND = YES;
				GCC_C_LANGUAGE_STANDARD = gnu11;
				GCC_NO_COMMON_BLOCKS = YES;
				GCC_WARN_64_TO_32_BIT_CONVERSION = YES;
				GCC_WARN_ABOUT_RETURN_TYPE = YES_ERROR;
				GCC_WARN_UNDECLARED_SELECTOR = YES;
				GCC_WARN_UNINITIALIZED_AUTOS = YES_AGGRESSIVE;
				GCC_WARN_UNUSED_FUNCTION = YES;
				GCC_WARN_UNUSED_VARIABLE = YES;
				IPHONEOS_DEPLOYMENT_TARGET = 14.3;
				MTL_ENABLE_DEBUG_INFO = NO;
				MTL_FAST_MATH = YES;
				SDKROOT = iphoneos;
				SWIFT_COMPILATION_MODE = wholemodule;
				SWIFT_OPTIMIZATION_LEVEL = "-O";
				VALIDATE_PRODUCT = YES;
			};
			name = Release;
		};
		5E28623425B0052C00A8E3E7 /* Debug */ = {
			isa = XCBuildConfiguration;
			buildSettings = {
				ASSETCATALOG_COMPILER_APPICON_NAME = AppIcon;
				ASSETCATALOG_COMPILER_GLOBAL_ACCENT_COLOR_NAME = AccentColor;
				CODE_SIGN_STYLE = Automatic;
				DEVELOPMENT_ASSET_PATHS = "\"Bullseye/Preview Content\"";
				DEVELOPMENT_TEAM = BK4H6MP34D;
				ENABLE_PREVIEWS = YES;
				INFOPLIST_FILE = Bullseye/App/Info.plist;
				IPHONEOS_DEPLOYMENT_TARGET = 14.0;
				LD_RUNPATH_SEARCH_PATHS = (
					"$(inherited)",
					"@executable_path/Frameworks",
				);
				PRODUCT_BUNDLE_IDENTIFIER = com.AshimaT.Bullseye;
				PRODUCT_NAME = "$(TARGET_NAME)";
				SWIFT_VERSION = 5.0;
				TARGETED_DEVICE_FAMILY = "1,2";
			};
			name = Debug;
		};
		5E28623525B0052C00A8E3E7 /* Release */ = {
			isa = XCBuildConfiguration;
			buildSettings = {
				ASSETCATALOG_COMPILER_APPICON_NAME = AppIcon;
				ASSETCATALOG_COMPILER_GLOBAL_ACCENT_COLOR_NAME = AccentColor;
				CODE_SIGN_STYLE = Automatic;
				DEVELOPMENT_ASSET_PATHS = "\"Bullseye/Preview Content\"";
				DEVELOPMENT_TEAM = BK4H6MP34D;
				ENABLE_PREVIEWS = YES;
				INFOPLIST_FILE = Bullseye/App/Info.plist;
				IPHONEOS_DEPLOYMENT_TARGET = 14.0;
				LD_RUNPATH_SEARCH_PATHS = (
					"$(inherited)",
					"@executable_path/Frameworks",
				);
				PRODUCT_BUNDLE_IDENTIFIER = com.AshimaT.Bullseye;
				PRODUCT_NAME = "$(TARGET_NAME)";
				SWIFT_VERSION = 5.0;
				TARGETED_DEVICE_FAMILY = "1,2";
			};
			name = Release;
		};
		5E8B79B725B2B8F50001E17C /* Debug */ = {
			isa = XCBuildConfiguration;
			buildSettings = {
				BUNDLE_LOADER = "$(TEST_HOST)";
				CODE_SIGN_STYLE = Automatic;
				DEVELOPMENT_TEAM = BK4H6MP34D;
				INFOPLIST_FILE = BullseyeTests/Info.plist;
				LD_RUNPATH_SEARCH_PATHS = (
					"$(inherited)",
					"@executable_path/Frameworks",
					"@loader_path/Frameworks",
				);
				PRODUCT_BUNDLE_IDENTIFIER = com.AshimaT.BullseyeTests;
				PRODUCT_NAME = "$(TARGET_NAME)";
				SWIFT_VERSION = 5.0;
				TARGETED_DEVICE_FAMILY = "1,2";
				TEST_HOST = "$(BUILT_PRODUCTS_DIR)/Bullseye.app/Bullseye";
			};
			name = Debug;
		};
		5E8B79B825B2B8F50001E17C /* Release */ = {
			isa = XCBuildConfiguration;
			buildSettings = {
				BUNDLE_LOADER = "$(TEST_HOST)";
				CODE_SIGN_STYLE = Automatic;
				DEVELOPMENT_TEAM = BK4H6MP34D;
				INFOPLIST_FILE = BullseyeTests/Info.plist;
				LD_RUNPATH_SEARCH_PATHS = (
					"$(inherited)",
					"@executable_path/Frameworks",
					"@loader_path/Frameworks",
				);
				PRODUCT_BUNDLE_IDENTIFIER = com.AshimaT.BullseyeTests;
				PRODUCT_NAME = "$(TARGET_NAME)";
				SWIFT_VERSION = 5.0;
				TARGETED_DEVICE_FAMILY = "1,2";
				TEST_HOST = "$(BUILT_PRODUCTS_DIR)/Bullseye.app/Bullseye";
			};
			name = Release;
		};
		5E8B79C925B2BAA30001E17C /* Debug */ = {
			isa = XCBuildConfiguration;
			buildSettings = {
				BUNDLE_LOADER = "$(TEST_HOST)";
				CODE_SIGN_STYLE = Automatic;
				DEVELOPMENT_TEAM = BK4H6MP34D;
				INFOPLIST_FILE = BullseyeTests1/Info.plist;
				LD_RUNPATH_SEARCH_PATHS = (
					"$(inherited)",
					"@executable_path/Frameworks",
					"@loader_path/Frameworks",
				);
				PRODUCT_BUNDLE_IDENTIFIER = com.AshimaT.BullseyeTests1;
				PRODUCT_NAME = "$(TARGET_NAME)";
				SWIFT_VERSION = 5.0;
				TARGETED_DEVICE_FAMILY = "1,2";
				TEST_HOST = "$(BUILT_PRODUCTS_DIR)/Bullseye.app/Bullseye";
			};
			name = Debug;
		};
		5E8B79CA25B2BAA30001E17C /* Release */ = {
			isa = XCBuildConfiguration;
			buildSettings = {
				BUNDLE_LOADER = "$(TEST_HOST)";
				CODE_SIGN_STYLE = Automatic;
				DEVELOPMENT_TEAM = BK4H6MP34D;
				INFOPLIST_FILE = BullseyeTests1/Info.plist;
				LD_RUNPATH_SEARCH_PATHS = (
					"$(inherited)",
					"@executable_path/Frameworks",
					"@loader_path/Frameworks",
				);
				PRODUCT_BUNDLE_IDENTIFIER = com.AshimaT.BullseyeTests1;
				PRODUCT_NAME = "$(TARGET_NAME)";
				SWIFT_VERSION = 5.0;
				TARGETED_DEVICE_FAMILY = "1,2";
				TEST_HOST = "$(BUILT_PRODUCTS_DIR)/Bullseye.app/Bullseye";
			};
			name = Release;
		};
		5E8B79DD25B2BC340001E17C /* Debug */ = {
			isa = XCBuildConfiguration;
			buildSettings = {
				BUNDLE_LOADER = "$(TEST_HOST)";
				CODE_SIGN_STYLE = Automatic;
				DEVELOPMENT_TEAM = BK4H6MP34D;
				INFOPLIST_FILE = BullseyeTests2/Info.plist;
				LD_RUNPATH_SEARCH_PATHS = (
					"$(inherited)",
					"@executable_path/Frameworks",
					"@loader_path/Frameworks",
				);
				PRODUCT_BUNDLE_IDENTIFIER = com.AshimaT.BullseyeTests2;
				PRODUCT_NAME = "$(TARGET_NAME)";
				SWIFT_VERSION = 5.0;
				TARGETED_DEVICE_FAMILY = "1,2";
				TEST_HOST = "$(BUILT_PRODUCTS_DIR)/Bullseye.app/Bullseye";
			};
			name = Debug;
		};
		5E8B79DE25B2BC340001E17C /* Release */ = {
			isa = XCBuildConfiguration;
			buildSettings = {
				BUNDLE_LOADER = "$(TEST_HOST)";
				CODE_SIGN_STYLE = Automatic;
				DEVELOPMENT_TEAM = BK4H6MP34D;
				INFOPLIST_FILE = BullseyeTests2/Info.plist;
				LD_RUNPATH_SEARCH_PATHS = (
					"$(inherited)",
					"@executable_path/Frameworks",
					"@loader_path/Frameworks",
				);
				PRODUCT_BUNDLE_IDENTIFIER = com.AshimaT.BullseyeTests2;
				PRODUCT_NAME = "$(TARGET_NAME)";
				SWIFT_VERSION = 5.0;
				TARGETED_DEVICE_FAMILY = "1,2";
				TEST_HOST = "$(BUILT_PRODUCTS_DIR)/Bullseye.app/Bullseye";
			};
			name = Release;
		};
/* End XCBuildConfiguration section */

/* Begin XCConfigurationList section */
		5E28621F25B0052900A8E3E7 /* Build configuration list for PBXProject "Bullseye" */ = {
			isa = XCConfigurationList;
			buildConfigurations = (
				5E28623125B0052C00A8E3E7 /* Debug */,
				5E28623225B0052C00A8E3E7 /* Release */,
			);
			defaultConfigurationIsVisible = 0;
			defaultConfigurationName = Release;
		};
		5E28623325B0052C00A8E3E7 /* Build configuration list for PBXNativeTarget "Bullseye" */ = {
			isa = XCConfigurationList;
			buildConfigurations = (
				5E28623425B0052C00A8E3E7 /* Debug */,
				5E28623525B0052C00A8E3E7 /* Release */,
			);
			defaultConfigurationIsVisible = 0;
			defaultConfigurationName = Release;
		};
		5E8B79B625B2B8F50001E17C /* Build configuration list for PBXNativeTarget "BullseyeTests" */ = {
			isa = XCConfigurationList;
			buildConfigurations = (
				5E8B79B725B2B8F50001E17C /* Debug */,
				5E8B79B825B2B8F50001E17C /* Release */,
			);
			defaultConfigurationIsVisible = 0;
			defaultConfigurationName = Release;
		};
		5E8B79C825B2BAA30001E17C /* Build configuration list for PBXNativeTarget "BullseyeTests1" */ = {
			isa = XCConfigurationList;
			buildConfigurations = (
				5E8B79C925B2BAA30001E17C /* Debug */,
				5E8B79CA25B2BAA30001E17C /* Release */,
			);
			defaultConfigurationIsVisible = 0;
			defaultConfigurationName = Release;
		};
		5E8B79DC25B2BC340001E17C /* Build configuration list for PBXNativeTarget "BullseyeTests2" */ = {
			isa = XCConfigurationList;
			buildConfigurations = (
				5E8B79DD25B2BC340001E17C /* Debug */,
				5E8B79DE25B2BC340001E17C /* Release */,
			);
			defaultConfigurationIsVisible = 0;
			defaultConfigurationName = Release;
		};
/* End XCConfigurationList section */
	};
	rootObject = 5E28621C25B0052900A8E3E7 /* Project object */;
}
